
Microsoft Visual Studio Solution File, Format Version 12.00
# Visual Studio Version 17
VisualStudioVersion = 17.7.34202.233
MinimumVisualStudioVersion = 10.0.40219.1
Project("{FAE04EC0-301F-11D3-BF4B-00C04F79EFBC}") = "WordToNumber", "WordToNumber\WordToNumber.csproj", "{56066054-114C-4ABE-8D03-40E3E80336EE}"
EndProject
Global
	GlobalSection(SolutionConfigurationPlatforms) = preSolution
		Debug|Any CPU = Debug|Any CPU
		Release|Any CPU = Release|Any CPU
	EndGlobalSection
	GlobalSection(ProjectConfigurationPlatforms) = postSolution
		{56066054-114C-4ABE-8D03-40E3E80336EE}.Debug|Any CPU.ActiveCfg = Debug|Any CPU
		{56066054-114C-4ABE-8D03-40E3E80336EE}.Debug|Any CPU.Build.0 = Debug|Any CPU
		{56066054-114C-4ABE-8D03-40E3E80336EE}.Debug|Any CPU.Deploy.0 = Debug|Any CPU
		{56066054-114C-4ABE-8D03-40E3E80336EE}.Release|Any CPU.ActiveCfg = Release|Any CPU
		{56066054-114C-4ABE-8D03-40E3E80336EE}.Release|Any CPU.Build.0 = Release|Any CPU
		{56066054-114C-4ABE-8D03-40E3E80336EE}.Release|Any CPU.Deploy.0 = Release|Any CPU
	EndGlobalSection
	GlobalSection(SolutionProperties) = preSolution
		HideSolutionNode = FALSE
	EndGlobalSection
	GlobalSection(ExtensibilityGlobals) = postSolution
		SolutionGuid = {95B31D1F-7938-412D-842D-29C7E4098A4F}
	EndGlobalSection
EndGlobal
